
Microsoft Visual Studio Solution File, Format Version 12.00
# Visual Studio Version 16
VisualStudioVersion = 25.0.1700.7
MinimumVisualStudioVersion = 10.0.40219.1
Project("{FAE04EC0-301F-11D3-BF4B-00C04F79EFBC}") = "MethodsWithLoopsAndConditionalsEx5and6", "MethodsWithLoopsAndConditionalsEx5and6\MethodsWithLoopsAndConditionalsEx5and6.csproj", "{DD22C469-712A-495C-83F3-B0AA54EDF12A}"
EndProject
Global
	GlobalSection(SolutionConfigurationPlatforms) = preSolution
		Debug|Any CPU = Debug|Any CPU
		Release|Any CPU = Release|Any CPU
	EndGlobalSection
	GlobalSection(ProjectConfigurationPlatforms) = postSolution
		{DD22C469-712A-495C-83F3-B0AA54EDF12A}.Debug|Any CPU.ActiveCfg = Debug|Any CPU
		{DD22C469-712A-495C-83F3-B0AA54EDF12A}.Debug|Any CPU.Build.0 = Debug|Any CPU
		{DD22C469-712A-495C-83F3-B0AA54EDF12A}.Release|Any CPU.ActiveCfg = Release|Any CPU
		{DD22C469-712A-495C-83F3-B0AA54EDF12A}.Release|Any CPU.Build.0 = Release|Any CPU
	EndGlobalSection
	GlobalSection(SolutionProperties) = preSolution
		HideSolutionNode = FALSE
	EndGlobalSection
	GlobalSection(ExtensibilityGlobals) = postSolution
		SolutionGuid = {873F925A-194A-4067-9F23-2C9884E775C6}
	EndGlobalSection
EndGlobal
